
Microsoft Visual Studio Solution File, Format Version 12.00
# Visual Studio Version 16
VisualStudioVersion = 16.0.29905.134
MinimumVisualStudioVersion = 10.0.40219.1
Project("{8BC9CEB8-8B4A-11D0-8D11-00A0C91BC942}") = "MFC01_01", "MFC01_01.vcxproj", "{136B09FC-EAD0-4D50-AF92-9AD9B0C1FCB9}"
EndProject
Global
	GlobalSection(SolutionConfigurationPlatforms) = preSolution
		Debug|x64 = Debug|x64
		Debug|x86 = Debug|x86
		Release|x64 = Release|x64
		Release|x86 = Release|x86
	EndGlobalSection
	GlobalSection(ProjectConfigurationPlatforms) = postSolution
		{136B09FC-EAD0-4D50-AF92-9AD9B0C1FCB9}.Debug|x64.ActiveCfg = Debug|x64
		{136B09FC-EAD0-4D50-AF92-9AD9B0C1FCB9}.Debug|x64.Build.0 = Debug|x64
		{136B09FC-EAD0-4D50-AF92-9AD9B0C1FCB9}.Debug|x86.ActiveCfg = Debug|Win32
		{136B09FC-EAD0-4D50-AF92-9AD9B0C1FCB9}.Debug|x86.Build.0 = Debug|Win32
		{136B09FC-EAD0-4D50-AF92-9AD9B0C1FCB9}.Release|x64.ActiveCfg = Release|x64
		{136B09FC-EAD0-4D50-AF92-9AD9B0C1FCB9}.Release|x64.Build.0 = Release|x64
		{136B09FC-EAD0-4D50-AF92-9AD9B0C1FCB9}.Release|x86.ActiveCfg = Release|Win32
		{136B09FC-EAD0-4D50-AF92-9AD9B0C1FCB9}.Release|x86.Build.0 = Release|Win32
	EndGlobalSection
	GlobalSection(SolutionProperties) = preSolution
		HideSolutionNode = FALSE
	EndGlobalSection
	GlobalSection(ExtensibilityGlobals) = postSolution
		SolutionGuid = {33D5415F-5E7F-4803-A8FE-9517CDE5189A}
	EndGlobalSection
EndGlobal
